
Microsoft Visual Studio Solution File, Format Version 12.00
# Visual Studio Version 16
VisualStudioVersion = 16.0.29806.167
MinimumVisualStudioVersion = 10.0.40219.1
Project("{8BC9CEB8-8B4A-11D0-8D11-00A0C91BC942}") = "ActusDeiEngine", "ActusDeiXboxOneEdition\ActusDeiXboxOneEdition.vcxproj", "{182E0533-34A4-45C4-9B72-7B2161F3DE8B}"
EndProject
Project("{8BC9CEB8-8B4A-11D0-8D11-00A0C91BC942}") = "Game", "Game\Game.vcxproj", "{8826B6D5-1464-4657-9350-F0222868D64E}"
	ProjectSection(ProjectDependencies) = postProject
		{182E0533-34A4-45C4-9B72-7B2161F3DE8B} = {182E0533-34A4-45C4-9B72-7B2161F3DE8B}
	EndProjectSection
EndProject
Global
	GlobalSection(SolutionConfigurationPlatforms) = preSolution
		Debug|Any CPU = Debug|Any CPU
		Debug|ARM = Debug|ARM
		Debug|ARM64 = Debug|ARM64
		Debug|x64 = Debug|x64
		Debug|x86 = Debug|x86
		Release|Any CPU = Release|Any CPU
		Release|ARM = Release|ARM
		Release|ARM64 = Release|ARM64
		Release|x64 = Release|x64
		Release|x86 = Release|x86
	EndGlobalSection
	GlobalSection(ProjectConfigurationPlatforms) = postSolution
		{182E0533-34A4-45C4-9B72-7B2161F3DE8B}.Debug|Any CPU.ActiveCfg = Debug|Win32
		{182E0533-34A4-45C4-9B72-7B2161F3DE8B}.Debug|ARM.ActiveCfg = Debug|ARM
		{182E0533-34A4-45C4-9B72-7B2161F3DE8B}.Debug|ARM.Build.0 = Debug|ARM
		{182E0533-34A4-45C4-9B72-7B2161F3DE8B}.Debug|ARM.Deploy.0 = Debug|ARM
		{182E0533-34A4-45C4-9B72-7B2161F3DE8B}.Debug|ARM64.ActiveCfg = Debug|ARM64
		{182E0533-34A4-45C4-9B72-7B2161F3DE8B}.Debug|ARM64.Build.0 = Debug|ARM64
		{182E0533-34A4-45C4-9B72-7B2161F3DE8B}.Debug|ARM64.Deploy.0 = Debug|ARM64
		{182E0533-34A4-45C4-9B72-7B2161F3DE8B}.Debug|x64.ActiveCfg = Debug|x64
		{182E0533-34A4-45C4-9B72-7B2161F3DE8B}.Debug|x64.Build.0 = Debug|x64
		{182E0533-34A4-45C4-9B72-7B2161F3DE8B}.Debug|x86.ActiveCfg = Debug|Win32
		{182E0533-34A4-45C4-9B72-7B2161F3DE8B}.Debug|x86.Build.0 = Debug|Win32
		{182E0533-34A4-45C4-9B72-7B2161F3DE8B}.Debug|x86.Deploy.0 = Debug|Win32
		{182E0533-34A4-45C4-9B72-7B2161F3DE8B}.Release|Any CPU.ActiveCfg = Release|Win32
		{182E0533-34A4-45C4-9B72-7B2161F3DE8B}.Release|ARM.ActiveCfg = Release|ARM
		{182E0533-34A4-45C4-9B72-7B2161F3DE8B}.Release|ARM.Build.0 = Release|ARM
		{182E0533-34A4-45C4-9B72-7B2161F3DE8B}.Release|ARM.Deploy.0 = Release|ARM
		{182E0533-34A4-45C4-9B72-7B2161F3DE8B}.Release|ARM64.ActiveCfg = Release|ARM64
		{182E0533-34A4-45C4-9B72-7B2161F3DE8B}.Release|ARM64.Build.0 = Release|ARM64
		{182E0533-34A4-45C4-9B72-7B2161F3DE8B}.Release|ARM64.Deploy.0 = Release|ARM64
		{182E0533-34A4-45C4-9B72-7B2161F3DE8B}.Release|x64.ActiveCfg = Release|x64
		{182E0533-34A4-45C4-9B72-7B2161F3DE8B}.Release|x64.Build.0 = Release|x64
		{182E0533-34A4-45C4-9B72-7B2161F3DE8B}.Release|x64.Deploy.0 = Release|x64
		{182E0533-34A4-45C4-9B72-7B2161F3DE8B}.Release|x86.ActiveCfg = Release|Win32
		{182E0533-34A4-45C4-9B72-7B2161F3DE8B}.Release|x86.Build.0 = Release|Win32
		{182E0533-34A4-45C4-9B72-7B2161F3DE8B}.Release|x86.Deploy.0 = Release|Win32
		{8826B6D5-1464-4657-9350-F0222868D64E}.Debug|Any CPU.ActiveCfg = Debug|Win32
		{8826B6D5-1464-4657-9350-F0222868D64E}.Debug|ARM.ActiveCfg = Debug|ARM
		{8826B6D5-1464-4657-9350-F0222868D64E}.Debug|ARM.Build.0 = Debug|ARM
		{8826B6D5-1464-4657-9350-F0222868D64E}.Debug|ARM.Deploy.0 = Debug|ARM
		{8826B6D5-1464-4657-9350-F0222868D64E}.Debug|ARM64.ActiveCfg = Debug|ARM64
		{8826B6D5-1464-4657-9350-F0222868D64E}.Debug|ARM64.Build.0 = Debug|ARM64
		{8826B6D5-1464-4657-9350-F0222868D64E}.Debug|ARM64.Deploy.0 = Debug|ARM64
		{8826B6D5-1464-4657-9350-F0222868D64E}.Debug|x64.ActiveCfg = Debug|x64
		{8826B6D5-1464-4657-9350-F0222868D64E}.Debug|x64.Build.0 = Debug|x64
		{8826B6D5-1464-4657-9350-F0222868D64E}.Debug|x64.Deploy.0 = Debug|x64
		{8826B6D5-1464-4657-9350-F0222868D64E}.Debug|x86.ActiveCfg = Debug|Win32
		{8826B6D5-1464-4657-9350-F0222868D64E}.Debug|x86.Build.0 = Debug|Win32
		{8826B6D5-1464-4657-9350-F0222868D64E}.Debug|x86.Deploy.0 = Debug|Win32
		{8826B6D5-1464-4657-9350-F0222868D64E}.Release|Any CPU.ActiveCfg = Release|Win32
		{8826B6D5-1464-4657-9350-F0222868D64E}.Release|ARM.ActiveCfg = Release|ARM
		{8826B6D5-1464-4657-9350-F0222868D64E}.Release|ARM.Build.0 = Release|ARM
		{8826B6D5-1464-4657-9350-F0222868D64E}.Release|ARM.Deploy.0 = Release|ARM
		{8826B6D5-1464-4657-9350-F0222868D64E}.Release|ARM64.ActiveCfg = Release|ARM64
		{8826B6D5-1464-4657-9350-F0222868D64E}.Release|ARM64.Build.0 = Release|ARM64
		{8826B6D5-1464-4657-9350-F0222868D64E}.Release|ARM64.Deploy.0 = Release|ARM64
		{8826B6D5-1464-4657-9350-F0222868D64E}.Release|x64.ActiveCfg = Release|x64
		{8826B6D5-1464-4657-9350-F0222868D64E}.Release|x64.Build.0 = Release|x64
		{8826B6D5-1464-4657-9350-F0222868D64E}.Release|x64.Deploy.0 = Release|x64
		{8826B6D5-1464-4657-9350-F0222868D64E}.Release|x86.ActiveCfg = Release|Win32
		{8826B6D5-1464-4657-9350-F0222868D64E}.Release|x86.Build.0 = Release|Win32
		{8826B6D5-1464-4657-9350-F0222868D64E}.Release|x86.Deploy.0 = Release|Win32
	EndGlobalSection
	GlobalSection(SolutionProperties) = preSolution
		HideSolutionNode = FALSE
	EndGlobalSection
	GlobalSection(ExtensibilityGlobals) = postSolution
		SolutionGuid = {7EB43EA9-5731-438C-816E-5373E04AEBE5}
	EndGlobalSection
EndGlobal
