<?xml version="1.0" encoding="utf-8"?>
<Project ToolsVersion="4.0" xmlns="http://schemas.microsoft.com/developer/msbuild/2003">
  <ItemGroup>
    <Filter Include="Assets">
      <UniqueIdentifier>47fdc594-70f8-4529-836c-c74dfa236a4a</UniqueIdentifier>
      <Extensions>bmp;fbx;gif;jpg;jpeg;tga;tiff;tif;png</Extensions>
    </Filter>
    <Image Include="Assets\LockScreenLogo.scale-200.png">
      <Filter>Assets</Filter>
    </Image>
    <Image Include="Assets\SplashScreen.scale-200.png">
      <Filter>Assets</Filter>
    </Image>
    <Image Include="Assets\Square150x150Logo.scale-200.png">
      <Filter>Assets</Filter>
    </Image>
    <Image Include="Assets\Square44x44Logo.scale-200.png">
      <Filter>Assets</Filter>
    </Image>
    <Image Include="Assets\Square44x44Logo.targetsize-24_altform-unplated.png">
      <Filter>Assets</Filter>
    </Image>
    <Image Include="Assets\Wide310x150Logo.scale-200.png">
      <Filter>Assets</Filter>
    </Image>
    <Filter Include="Shaders">
      <UniqueIdentifier>{f55700b7-be2d-4f38-8193-775ea98baa99}</UniqueIdentifier>
    </Filter>
  </ItemGroup>
  <ItemGroup>
    <ClCompile Include="pch.cpp" />
    <ClCompile Include="Camera.cpp" />
    <ClCompile Include="Engine.cpp" />
    <ClCompile Include="ResourceManager.cpp" />
    <ClCompile Include="Renderer.cpp" />
    <ClCompile Include="Utils.cpp" />
    <ClCompile Include="Scene.cpp" />
    <ClCompile Include="Player.cpp" />
    <ClCompile Include="Input.cpp" />
    <ClCompile Include="XTime.cpp" />
    <ClCompile Include="Logger.cpp" />
    <ClCompile Include="ADUserInterface.cpp" />
    <ClCompile Include="ADMemoryManager.cpp" />
    <ClCompile Include="MeshLoader.cpp" />
  </ItemGroup>
  <ItemGroup>
    <ClInclude Include="pch.h" />
    <ClInclude Include="Camera.h" />
    <ClInclude Include="Engine.h" />
    <ClInclude Include="ResourceManager.h" />
    <ClInclude Include="Types.h" />
    <ClInclude Include="Renderer.h" />
    <ClInclude Include="Utils.h" />
    <ClInclude Include="Scene.h" />
    <ClInclude Include="Player.h" />
    <ClInclude Include="ADMath.h" />
    <ClInclude Include="ADPhysics.h" />
    <ClInclude Include="Input.h" />
    <ClInclude Include="XTime.h" />
    <ClInclude Include="ADUserInterface.h" />
    <ClInclude Include="Logger.h" />
    <ClInclude Include="ADMemoryManager.h" />
    <ClInclude Include="ADQuadTree.h" />
    <ClInclude Include="MeshLoader.h" />
  </ItemGroup>
  <ItemGroup>
    <Image Include="Assets\StoreLogo.png">
      <Filter>Assets</Filter>
    </Image>
    <Image Include="Assets\SplashScreen.scale-400.png">
      <Filter>Assets</Filter>
    </Image>
    <Image Include="Assets\SplashScreen.scale-100.png">
      <Filter>Assets</Filter>
    </Image>
    <Image Include="Assets\SplashScreen.scale-125.png">
      <Filter>Assets</Filter>
    </Image>
    <Image Include="Assets\SplashScreen.scale-150.png">
      <Filter>Assets</Filter>
    </Image>
  </ItemGroup>
  <ItemGroup>
    <AppxManifest Include="Package.appxmanifest" />
  </ItemGroup>
  <ItemGroup>
    <None Include="packages.config" />
  </ItemGroup>
  <ItemGroup>
    <FxCompile Include="..\files\shaders\base_ps.hlsl">
      <Filter>Shaders</Filter>
    </FxCompile>
    <FxCompile Include="..\files\shaders\base_vs.hlsl">
      <Filter>Shaders</Filter>
    </FxCompile>
    <FxCompile Include="..\files\shaders\spyro_ps.hlsl">
      <Filter>Shaders</Filter>
    </FxCompile>
    <FxCompile Include="..\files\shaders\spyro_vs.hlsl">
      <Filter>Shaders</Filter>
    </FxCompile>
    <FxCompile Include="..\files\shaders\skybox_ps.hlsl">
      <Filter>Shaders</Filter>
    </FxCompile>
    <FxCompile Include="..\files\shaders\skybox_vs.hlsl">
      <Filter>Shaders</Filter>
    </FxCompile>
    <FxCompile Include="..\files\shaders\debug_ps.hlsl">
      <Filter>Shaders</Filter>
    </FxCompile>
    <FxCompile Include="..\files\shaders\debug_vs.hlsl">
      <Filter>Shaders</Filter>
    </FxCompile>
    <FxCompile Include="..\files\shaders\pink_ps.hlsl">
      <Filter>Shaders</Filter>
    </FxCompile>
    <FxCompile Include="..\files\shaders\pink_vs.hlsl">
      <Filter>Shaders</Filter>
    </FxCompile>
    <FxCompile Include="..\files\shaders\ui_ps.hlsl">
      <Filter>Shaders</Filter>
    </FxCompile>
    <FxCompile Include="..\files\shaders\ui_vs.hlsl">
      <Filter>Shaders</Filter>
    </FxCompile>
  </ItemGroup>
</Project>